
Microsoft Visual Studio Solution File, Format Version 12.00
# Visual Studio 2013
VisualStudioVersion = 12.0.31101.0
MinimumVisualStudioVersion = 10.0.40219.1
Project("{FAE04EC0-301F-11D3-BF4B-00C04F79EFBC}") = "MyWebgrease", "MyWebgrease\MyWebgrease.csproj", "{C8E31EAE-D2F6-4BA4-8010-A1A77E5860AF}"
EndProject
Project("{FAE04EC0-301F-11D3-BF4B-00C04F79EFBC}") = "WebApplication1", "WebApplication1\WebApplication1.csproj", "{36E80464-5BEA-4B31-BA69-9B60886446EB}"
EndProject
Global
	GlobalSection(SolutionConfigurationPlatforms) = preSolution
		Debug|Any CPU = Debug|Any CPU
		Release|Any CPU = Release|Any CPU
	EndGlobalSection
	GlobalSection(ProjectConfigurationPlatforms) = postSolution
		{C8E31EAE-D2F6-4BA4-8010-A1A77E5860AF}.Debug|Any CPU.ActiveCfg = Debug|Any CPU
		{C8E31EAE-D2F6-4BA4-8010-A1A77E5860AF}.Debug|Any CPU.Build.0 = Debug|Any CPU
		{C8E31EAE-D2F6-4BA4-8010-A1A77E5860AF}.Release|Any CPU.ActiveCfg = Release|Any CPU
		{C8E31EAE-D2F6-4BA4-8010-A1A77E5860AF}.Release|Any CPU.Build.0 = Release|Any CPU
		{36E80464-5BEA-4B31-BA69-9B60886446EB}.Debug|Any CPU.ActiveCfg = Debug|Any CPU
		{36E80464-5BEA-4B31-BA69-9B60886446EB}.Debug|Any CPU.Build.0 = Debug|Any CPU
		{36E80464-5BEA-4B31-BA69-9B60886446EB}.Release|Any CPU.ActiveCfg = Release|Any CPU
		{36E80464-5BEA-4B31-BA69-9B60886446EB}.Release|Any CPU.Build.0 = Release|Any CPU
	EndGlobalSection
	GlobalSection(SolutionProperties) = preSolution
		HideSolutionNode = FALSE
	EndGlobalSection
EndGlobal
